{
  "version": "5",
  "specifiers": {
    "jsr:@supabase/functions-js@^0.0.0-automated": "0.0.0-jsr-test.1",
    "jsr:@supabase/supabase-js@2": "2.105.1"
  },
  "jsr": {
    "@supabase/functions-js@0.0.0-jsr-test.1": {
      "integrity": "b1b37924af1f0011b4753201e1585a37b030e996c6682492e02575eb27d902b2"
    },
    "@supabase/supabase-js@2.105.1": {
      "integrity": "f45f9322ad8bca1d98e6ea56fafde1eb3fd3438f6f20805c797080fe7157132a",
      "dependencies": [
        "jsr:@supabase/functions-js"
      ]
    }
  },
  "workspace": {
    "packageJson": {
      "dependencies": [
        "npm:@supabase/supabase-js@^2.105.1",
        "npm:@tailwindcss/vite@^4.1.14",
        "npm:@types/node@^22.14.0",
        "npm:@vitejs/plugin-react@^5.0.4",
        "npm:autoprefixer@^10.4.21",
        "npm:lucide-react@0.546",
        "npm:motion@^12.23.24",
        "npm:react-dom@19",
        "npm:react@19",
        "npm:tailwindcss@^4.1.14",
        "npm:typescript@~5.8.2",
        "npm:vite@^6.2.0"
      ]
    }
  }
}
